// !$*UTF8*$!
{
	archiveVersion = 1;
	classes = {
	};
	objectVersion = 77;
	objects = {

/* Begin PBXBuildFile section */
		EEC8E2922DAA0AAD00075C94 /* CaminoModels in Frameworks */ = {isa = PBXBuildFile; productRef = EEC8E2912DAA0AAD00075C94 /* CaminoModels */; };
/* End PBXBuildFile section */

/* Begin PBXContainerItemProxy section */
		EE6A22AE2DA0B6B30013F9FD /* PBXContainerItemProxy */ = {
			isa = PBXContainerItemProxy;
			containerPortal = EE6A22972DA0B6B20013F9FD /* Project object */;
			proxyType = 1;
			remoteGlobalIDString = EE6A229E2DA0B6B20013F9FD;
			remoteInfo = Camino;
		};
		EE6A22B82DA0B6B30013F9FD /* PBXContainerItemProxy */ = {
			isa = PBXContainerItemProxy;
			containerPortal = EE6A22972DA0B6B20013F9FD /* Project object */;
			proxyType = 1;
			remoteGlobalIDString = EE6A229E2DA0B6B20013F9FD;
			remoteInfo = Camino;
		};
/* End PBXContainerItemProxy section */

/* Begin PBXFileReference section */
		EE1CF07C2DA81041003415BF /* Camino-Info.plist */ = {isa = PBXFileReference; lastKnownFileType = text.plist; path = "Camino-Info.plist"; sourceTree = "<group>"; };
		EE6A229F2DA0B6B20013F9FD /* Camino.app */ = {isa = PBXFileReference; explicitFileType = wrapper.application; includeInIndex = 0; path = Camino.app; sourceTree = BUILT_PRODUCTS_DIR; };
		EE6A22AD2DA0B6B30013F9FD /* CaminoTests.xctest */ = {isa = PBXFileReference; explicitFileType = wrapper.cfbundle; includeInIndex = 0; path = CaminoTests.xctest; sourceTree = BUILT_PRODUCTS_DIR; };
		EE6A22B72DA0B6B30013F9FD /* CaminoUITests.xctest */ = {isa = PBXFileReference; explicitFileType = wrapper.cfbundle; includeInIndex = 0; path = CaminoUITests.xctest; sourceTree = BUILT_PRODUCTS_DIR; };
/* End PBXFileReference section */

/* Begin PBXFileSystemSynchronizedRootGroup section */
		EE6A22A12DA0B6B20013F9FD /* CaminoContents */ = {
			isa = PBXFileSystemSynchronizedRootGroup;
			path = CaminoContents;
			sourceTree = "<group>";
		};
		EE6A22B02DA0B6B30013F9FD /* CaminoTests */ = {
			isa = PBXFileSystemSynchronizedRootGroup;
			path = CaminoTests;
			sourceTree = "<group>";
		};
		EE6A22BA2DA0B6B30013F9FD /* CaminoUITests */ = {
			isa = PBXFileSystemSynchronizedRootGroup;
			path = CaminoUITests;
			sourceTree = "<group>";
		};
/* End PBXFileSystemSynchronizedRootGroup section */

/* Begin PBXFrameworksBuildPhase section */
		EE6A229C2DA0B6B20013F9FD /* Frameworks */ = {
			isa = PBXFrameworksBuildPhase;
			buildActionMask = 2147483647;
			files = (
				EEC8E2922DAA0AAD00075C94 /* CaminoModels in Frameworks */,
			);
			runOnlyForDeploymentPostprocessing = 0;
		};
		EE6A22AA2DA0B6B30013F9FD /* Frameworks */ = {
			isa = PBXFrameworksBuildPhase;
			buildActionMask = 2147483647;
			files = (
			);
			runOnlyForDeploymentPostprocessing = 0;
		};
		EE6A22B42DA0B6B30013F9FD /* Frameworks */ = {
			isa = PBXFrameworksBuildPhase;
			buildActionMask = 2147483647;
			files = (
			);
			runOnlyForDeploymentPostprocessing = 0;
		};
/* End PBXFrameworksBuildPhase section */

/* Begin PBXGroup section */
		2AA914121A374444C5F3ED5F /* Pods */ = {
			isa = PBXGroup;
			children = (
			);
			path = Pods;
			sourceTree = "<group>";
		};
		EE6A22962DA0B6B20013F9FD = {
			isa = PBXGroup;
			children = (
				EE1CF07C2DA81041003415BF /* Camino-Info.plist */,
				EE6A22A12DA0B6B20013F9FD /* CaminoContents */,
				EE6A22B02DA0B6B30013F9FD /* CaminoTests */,
				EE6A22BA2DA0B6B30013F9FD /* CaminoUITests */,
				EE6A22A02DA0B6B20013F9FD /* Products */,
				2AA914121A374444C5F3ED5F /* Pods */,
			);
			sourceTree = "<group>";
		};
		EE6A22A02DA0B6B20013F9FD /* Products */ = {
			isa = PBXGroup;
			children = (
				EE6A229F2DA0B6B20013F9FD /* Camino.app */,
				EE6A22AD2DA0B6B30013F9FD /* CaminoTests.xctest */,
				EE6A22B72DA0B6B30013F9FD /* CaminoUITests.xctest */,
			);
			name = Products;
			sourceTree = "<group>";
		};
/* End PBXGroup section */

/* Begin PBXNativeTarget section */
		EE6A229E2DA0B6B20013F9FD /* Camino */ = {
			isa = PBXNativeTarget;
			buildConfigurationList = EE6A22C12DA0B6B30013F9FD /* Build configuration list for PBXNativeTarget "Camino" */;
			buildPhases = (
				EE6A229B2DA0B6B20013F9FD /* Sources */,
				EE6A229C2DA0B6B20013F9FD /* Frameworks */,
				EE6A229D2DA0B6B20013F9FD /* Resources */,
			);
			buildRules = (
			);
			dependencies = (
				EEC8E2902DAA0AA000075C94 /* PBXTargetDependency */,
			);
			fileSystemSynchronizedGroups = (
				EE6A22A12DA0B6B20013F9FD /* CaminoContents */,
			);
			name = Camino;
			productName = Camino;
			productReference = EE6A229F2DA0B6B20013F9FD /* Camino.app */;
			productType = "com.apple.product-type.application";
		};
		EE6A22AC2DA0B6B30013F9FD /* CaminoTests */ = {
			isa = PBXNativeTarget;
			buildConfigurationList = EE6A22C42DA0B6B30013F9FD /* Build configuration list for PBXNativeTarget "CaminoTests" */;
			buildPhases = (
				EE6A22A92DA0B6B30013F9FD /* Sources */,
				EE6A22AA2DA0B6B30013F9FD /* Frameworks */,
				EE6A22AB2DA0B6B30013F9FD /* Resources */,
			);
			buildRules = (
			);
			dependencies = (
				EE6A22AF2DA0B6B30013F9FD /* PBXTargetDependency */,
			);
			fileSystemSynchronizedGroups = (
				EE6A22B02DA0B6B30013F9FD /* CaminoTests */,
			);
			name = CaminoTests;
			productName = CaminoTests;
			productReference = EE6A22AD2DA0B6B30013F9FD /* CaminoTests.xctest */;
			productType = "com.apple.product-type.bundle.unit-test";
		};
		EE6A22B62DA0B6B30013F9FD /* CaminoUITests */ = {
			isa = PBXNativeTarget;
			buildConfigurationList = EE6A22C72DA0B6B30013F9FD /* Build configuration list for PBXNativeTarget "CaminoUITests" */;
			buildPhases = (
				EE6A22B32DA0B6B30013F9FD /* Sources */,
				EE6A22B42DA0B6B30013F9FD /* Frameworks */,
				EE6A22B52DA0B6B30013F9FD /* Resources */,
			);
			buildRules = (
			);
			dependencies = (
				EE6A22B92DA0B6B30013F9FD /* PBXTargetDependency */,
			);
			fileSystemSynchronizedGroups = (
				EE6A22BA2DA0B6B30013F9FD /* CaminoUITests */,
			);
			name = CaminoUITests;
			productName = CaminoUITests;
			productReference = EE6A22B72DA0B6B30013F9FD /* CaminoUITests.xctest */;
			productType = "com.apple.product-type.bundle.ui-testing";
		};
/* End PBXNativeTarget section */

/* Begin PBXProject section */
		EE6A22972DA0B6B20013F9FD /* Project object */ = {
			isa = PBXProject;
			attributes = {
				BuildIndependentTargetsInParallel = 1;
				LastSwiftUpdateCheck = 1630;
				LastUpgradeCheck = 1630;
				TargetAttributes = {
					EE6A229E2DA0B6B20013F9FD = {
						CreatedOnToolsVersion = 16.3;
					};
					EE6A22AC2DA0B6B30013F9FD = {
						CreatedOnToolsVersion = 16.3;
						TestTargetID = EE6A229E2DA0B6B20013F9FD;
					};
					EE6A22B62DA0B6B30013F9FD = {
						CreatedOnToolsVersion = 16.3;
						TestTargetID = EE6A229E2DA0B6B20013F9FD;
					};
				};
			};
			buildConfigurationList = EE6A229A2DA0B6B20013F9FD /* Build configuration list for PBXProject "Camino" */;
			developmentRegion = en;
			hasScannedForEncodings = 0;
			knownRegions = (
				en,
				Base,
			);
			mainGroup = EE6A22962DA0B6B20013F9FD;
			minimizedProjectReferenceProxies = 1;
			packageReferences = (
				EE5CA11B2DA45B95001F9693 /* XCLocalSwiftPackageReference "CaminoModels" */,
			);
			preferredProjectObjectVersion = 77;
			productRefGroup = EE6A22A02DA0B6B20013F9FD /* Products */;
			projectDirPath = "";
			projectRoot = "";
			targets = (
				EE6A229E2DA0B6B20013F9FD /* Camino */,
				EE6A22AC2DA0B6B30013F9FD /* CaminoTests */,
				EE6A22B62DA0B6B30013F9FD /* CaminoUITests */,
			);
		};
/* End PBXProject section */

/* Begin PBXResourcesBuildPhase section */
		EE6A229D2DA0B6B20013F9FD /* Resources */ = {
			isa = PBXResourcesBuildPhase;
			buildActionMask = 2147483647;
			files = (
			);
			runOnlyForDeploymentPostprocessing = 0;
		};
		EE6A22AB2DA0B6B30013F9FD /* Resources */ = {
			isa = PBXResourcesBuildPhase;
			buildActionMask = 2147483647;
			files = (
			);
			runOnlyForDeploymentPostprocessing = 0;
		};
		EE6A22B52DA0B6B30013F9FD /* Resources */ = {
			isa = PBXResourcesBuildPhase;
			buildActionMask = 2147483647;
			files = (
			);
			runOnlyForDeploymentPostprocessing = 0;
		};
/* End PBXResourcesBuildPhase section */

/* Begin PBXSourcesBuildPhase section */
		EE6A229B2DA0B6B20013F9FD /* Sources */ = {
			isa = PBXSourcesBuildPhase;
			buildActionMask = 2147483647;
			files = (
			);
			runOnlyForDeploymentPostprocessing = 0;
		};
		EE6A22A92DA0B6B30013F9FD /* Sources */ = {
			isa = PBXSourcesBuildPhase;
			buildActionMask = 2147483647;
			files = (
			);
			runOnlyForDeploymentPostprocessing = 0;
		};
		EE6A22B32DA0B6B30013F9FD /* Sources */ = {
			isa = PBXSourcesBuildPhase;
			buildActionMask = 2147483647;
			files = (
			);
			runOnlyForDeploymentPostprocessing = 0;
		};
/* End PBXSourcesBuildPhase section */

/* Begin PBXTargetDependency section */
		EE6A22AF2DA0B6B30013F9FD /* PBXTargetDependency */ = {
			isa = PBXTargetDependency;
			target = EE6A229E2DA0B6B20013F9FD /* Camino */;
			targetProxy = EE6A22AE2DA0B6B30013F9FD /* PBXContainerItemProxy */;
		};
		EE6A22B92DA0B6B30013F9FD /* PBXTargetDependency */ = {
			isa = PBXTargetDependency;
			target = EE6A229E2DA0B6B20013F9FD /* Camino */;
			targetProxy = EE6A22B82DA0B6B30013F9FD /* PBXContainerItemProxy */;
		};
		EEC8E2902DAA0AA000075C94 /* PBXTargetDependency */ = {
			isa = PBXTargetDependency;
			productRef = EEC8E28F2DAA0AA000075C94 /* CaminoModels */;
		};
/* End PBXTargetDependency section */

/* Begin XCBuildConfiguration section */
		EE6A22BF2DA0B6B30013F9FD /* Debug */ = {
			isa = XCBuildConfiguration;
			buildSettings = {
				ALWAYS_SEARCH_USER_PATHS = NO;
				ASSETCATALOG_COMPILER_GENERATE_SWIFT_ASSET_SYMBOL_EXTENSIONS = YES;
				CLANG_ANALYZER_NONNULL = YES;
				CLANG_ANALYZER_NUMBER_OBJECT_CONVERSION = YES_AGGRESSIVE;
				CLANG_CXX_LANGUAGE_STANDARD = "gnu++20";
				CLANG_ENABLE_MODULES = YES;
				CLANG_ENABLE_OBJC_ARC = YES;
				CLANG_ENABLE_OBJC_WEAK = YES;
				CLANG_WARN_BLOCK_CAPTURE_AUTORELEASING = YES;
				CLANG_WARN_BOOL_CONVERSION = YES;
				CLANG_WARN_COMMA = YES;
				CLANG_WARN_CONSTANT_CONVERSION = YES;
				CLANG_WARN_DEPRECATED_OBJC_IMPLEMENTATIONS = YES;
				CLANG_WARN_DIRECT_OBJC_ISA_USAGE = YES_ERROR;
				CLANG_WARN_DOCUMENTATION_COMMENTS = YES;
				CLANG_WARN_EMPTY_BODY = YES;
				CLANG_WARN_ENUM_CONVERSION = YES;
				CLANG_WARN_INFINITE_RECURSION = YES;
				CLANG_WARN_INT_CONVERSION = YES;
				CLANG_WARN_NON_LITERAL_NULL_CONVERSION = YES;
				CLANG_WARN_OBJC_IMPLICIT_RETAIN_SELF = YES;
				CLANG_WARN_OBJC_LITERAL_CONVERSION = YES;
				CLANG_WARN_OBJC_ROOT_CLASS = YES_ERROR;
				CLANG_WARN_QUOTED_INCLUDE_IN_FRAMEWORK_HEADER = YES;
				CLANG_WARN_RANGE_LOOP_ANALYSIS = YES;
				CLANG_WARN_STRICT_PROTOTYPES = YES;
				CLANG_WARN_SUSPICIOUS_MOVE = YES;
				CLANG_WARN_UNGUARDED_AVAILABILITY = YES_AGGRESSIVE;
				CLANG_WARN_UNREACHABLE_CODE = YES;
				CLANG_WARN__DUPLICATE_METHOD_MATCH = YES;
				COPY_PHASE_STRIP = NO;
				DEBUG_INFORMATION_FORMAT = dwarf;
				DEVELOPMENT_TEAM = D4KW6R627K;
				ENABLE_STRICT_OBJC_MSGSEND = YES;
				ENABLE_TESTABILITY = YES;
				ENABLE_USER_SCRIPT_SANDBOXING = YES;
				GCC_C_LANGUAGE_STANDARD = gnu17;
				GCC_DYNAMIC_NO_PIC = NO;
				GCC_NO_COMMON_BLOCKS = YES;
				GCC_OPTIMIZATION_LEVEL = 0;
				GCC_PREPROCESSOR_DEFINITIONS = (
					"DEBUG=1",
					"$(inherited)",
				);
				GCC_WARN_64_TO_32_BIT_CONVERSION = YES;
				GCC_WARN_ABOUT_RETURN_TYPE = YES_ERROR;
				GCC_WARN_UNDECLARED_SELECTOR = YES;
				GCC_WARN_UNINITIALIZED_AUTOS = YES_AGGRESSIVE;
				GCC_WARN_UNUSED_FUNCTION = YES;
				GCC_WARN_UNUSED_VARIABLE = YES;
				LOCALIZATION_PREFERS_STRING_CATALOGS = YES;
				MTL_ENABLE_DEBUG_INFO = INCLUDE_SOURCE;
				MTL_FAST_MATH = YES;
				ONLY_ACTIVE_ARCH = YES;
				PRODUCT_BUNDLE_IDENTIFIER = com.jeffwhite.Camino;
				PRODUCT_NAME = "$(TARGET_NAME)";
				SUPPORTED_PLATFORMS = "iphoneos iphonesimulator";
				SUPPORTS_MACCATALYST = NO;
				SWIFT_ACTIVE_COMPILATION_CONDITIONS = "DEBUG $(inherited)";
				SWIFT_OPTIMIZATION_LEVEL = "-Onone";
				TARGETED_DEVICE_FAMILY = "1,2";
			};
			name = Debug;
		};
		EE6A22C02DA0B6B30013F9FD /* Release */ = {
			isa = XCBuildConfiguration;
			buildSettings = {
				ALWAYS_SEARCH_USER_PATHS = NO;
				ASSETCATALOG_COMPILER_GENERATE_SWIFT_ASSET_SYMBOL_EXTENSIONS = YES;
				CLANG_ANALYZER_NONNULL = YES;
				CLANG_ANALYZER_NUMBER_OBJECT_CONVERSION = YES_AGGRESSIVE;
				CLANG_CXX_LANGUAGE_STANDARD = "gnu++20";
				CLANG_ENABLE_MODULES = YES;
				CLANG_ENABLE_OBJC_ARC = YES;
				CLANG_ENABLE_OBJC_WEAK = YES;
				CLANG_WARN_BLOCK_CAPTURE_AUTORELEASING = YES;
				CLANG_WARN_BOOL_CONVERSION = YES;
				CLANG_WARN_COMMA = YES;
				CLANG_WARN_CONSTANT_CONVERSION = YES;
				CLANG_WARN_DEPRECATED_OBJC_IMPLEMENTATIONS = YES;
				CLANG_WARN_DIRECT_OBJC_ISA_USAGE = YES_ERROR;
				CLANG_WARN_DOCUMENTATION_COMMENTS = YES;
				CLANG_WARN_EMPTY_BODY = YES;
				CLANG_WARN_ENUM_CONVERSION = YES;
				CLANG_WARN_INFINITE_RECURSION = YES;
				CLANG_WARN_INT_CONVERSION = YES;
				CLANG_WARN_NON_LITERAL_NULL_CONVERSION = YES;
				CLANG_WARN_OBJC_IMPLICIT_RETAIN_SELF = YES;
				CLANG_WARN_OBJC_LITERAL_CONVERSION = YES;
				CLANG_WARN_OBJC_ROOT_CLASS = YES_ERROR;
				CLANG_WARN_QUOTED_INCLUDE_IN_FRAMEWORK_HEADER = YES;
				CLANG_WARN_RANGE_LOOP_ANALYSIS = YES;
				CLANG_WARN_STRICT_PROTOTYPES = YES;
				CLANG_WARN_SUSPICIOUS_MOVE = YES;
				CLANG_WARN_UNGUARDED_AVAILABILITY = YES_AGGRESSIVE;
				CLANG_WARN_UNREACHABLE_CODE = YES;
				CLANG_WARN__DUPLICATE_METHOD_MATCH = YES;
				COPY_PHASE_STRIP = NO;
				DEBUG_INFORMATION_FORMAT = "dwarf-with-dsym";
				DEVELOPMENT_TEAM = D4KW6R627K;
				ENABLE_NS_ASSERTIONS = NO;
				ENABLE_STRICT_OBJC_MSGSEND = YES;
				ENABLE_USER_SCRIPT_SANDBOXING = YES;
				GCC_C_LANGUAGE_STANDARD = gnu17;
				GCC_NO_COMMON_BLOCKS = YES;
				GCC_WARN_64_TO_32_BIT_CONVERSION = YES;
				GCC_WARN_ABOUT_RETURN_TYPE = YES_ERROR;
				GCC_WARN_UNDECLARED_SELECTOR = YES;
				GCC_WARN_UNINITIALIZED_AUTOS = YES_AGGRESSIVE;
				GCC_WARN_UNUSED_FUNCTION = YES;
				GCC_WARN_UNUSED_VARIABLE = YES;
				LOCALIZATION_PREFERS_STRING_CATALOGS = YES;
				MTL_ENABLE_DEBUG_INFO = NO;
				MTL_FAST_MATH = YES;
				SWIFT_COMPILATION_MODE = wholemodule;
			};
			name = Release;
		};
		EE6A22C22DA0B6B30013F9FD /* Debug */ = {
			isa = XCBuildConfiguration;
			buildSettings = {
				ASSETCATALOG_COMPILER_APPICON_NAME = AppIcon;
				ASSETCATALOG_COMPILER_GLOBAL_ACCENT_COLOR_NAME = AccentColor;
				CODE_SIGN_ENTITLEMENTS = CaminoContents/Camino.entitlements;
				CODE_SIGN_STYLE = Automatic;
				CURRENT_PROJECT_VERSION = 1;
				DEVELOPMENT_ASSET_PATHS = "\"CaminoContents/Preview Content\"";
				DEVELOPMENT_TEAM = D4KW6R627K;
				ENABLE_PREVIEWS = YES;
				GENERATE_INFOPLIST_FILE = YES;
				INFOPLIST_FILE = "Camino-Info.plist";
				INFOPLIST_KEY_CFBundleDisplayName = Camino;
				INFOPLIST_KEY_CFBundlePackageType = APPL;
				INFOPLIST_KEY_LSApplicationCategoryType = "public.app-category.travel";
				INFOPLIST_KEY_NSLocationWhenInUseUsageDescription = "We need your location to track your progress along the Camino Frances route and alert you if you deviate from the path.";
				INFOPLIST_KEY_UIApplicationSceneManifest_Generation = YES;
				INFOPLIST_KEY_UIApplicationSupportsIndirectInputEvents = YES;
				INFOPLIST_KEY_UILaunchScreen_Generation = YES;
				INFOPLIST_KEY_UISupportedInterfaceOrientations = "UIInterfaceOrientationPortrait UIInterfaceOrientationLandscapeLeft UIInterfaceOrientationLandscapeRight";
				INFOPLIST_KEY_UISupportedInterfaceOrientations_iPad = "UIInterfaceOrientationPortrait UIInterfaceOrientationPortraitUpsideDown UIInterfaceOrientationLandscapeLeft UIInterfaceOrientationLandscapeRight";
				INFOPLIST_KEY_UISupportedInterfaceOrientations_iPhone = "UIInterfaceOrientationPortrait UIInterfaceOrientationLandscapeLeft UIInterfaceOrientationLandscapeRight";
				LD_RUNPATH_SEARCH_PATHS = (
					"@executable_path/Frameworks",
					"$(inherited)",
				);
				MARKETING_VERSION = 1.0;
				PRODUCT_BUNDLE_IDENTIFIER = com.jeffwhite.Camino;
				PRODUCT_NAME = "$(TARGET_NAME)";
				SUPPORTED_PLATFORMS = "iphoneos iphonesimulator";
				SUPPORTS_MACCATALYST = NO;
				SWIFT_EMIT_LOC_STRINGS = YES;
				SWIFT_VERSION = 5.0;
				TARGETED_DEVICE_FAMILY = "1,2";
			};
			name = Debug;
		};
		EE6A22C32DA0B6B30013F9FD /* Release */ = {
			isa = XCBuildConfiguration;
			buildSettings = {
				ASSETCATALOG_COMPILER_APPICON_NAME = AppIcon;
				ASSETCATALOG_COMPILER_GLOBAL_ACCENT_COLOR_NAME = AccentColor;
				CODE_SIGN_ENTITLEMENTS = CaminoContents/Camino.entitlements;
				CODE_SIGN_STYLE = Automatic;
				CURRENT_PROJECT_VERSION = 1;
				DEVELOPMENT_ASSET_PATHS = "\"CaminoContents/Preview Content\"";
				DEVELOPMENT_TEAM = D4KW6R627K;
				ENABLE_PREVIEWS = YES;
				GENERATE_INFOPLIST_FILE = YES;
				INFOPLIST_FILE = "Camino-Info.plist";
				INFOPLIST_KEY_CFBundleDisplayName = Camino;
				INFOPLIST_KEY_CFBundlePackageType = APPL;
				INFOPLIST_KEY_LSApplicationCategoryType = "public.app-category.travel";
				INFOPLIST_KEY_NSLocationWhenInUseUsageDescription = "We need your location to track your progress along the Camino Frances route and alert you if you deviate from the path.";
				INFOPLIST_KEY_UIApplicationSceneManifest_Generation = YES;
				INFOPLIST_KEY_UIApplicationSupportsIndirectInputEvents = YES;
				INFOPLIST_KEY_UILaunchScreen_Generation = YES;
				INFOPLIST_KEY_UISupportedInterfaceOrientations = "UIInterfaceOrientationPortrait UIInterfaceOrientationLandscapeLeft UIInterfaceOrientationLandscapeRight";
				INFOPLIST_KEY_UISupportedInterfaceOrientations_iPad = "UIInterfaceOrientationPortrait UIInterfaceOrientationPortraitUpsideDown UIInterfaceOrientationLandscapeLeft UIInterfaceOrientationLandscapeRight";
				INFOPLIST_KEY_UISupportedInterfaceOrientations_iPhone = "UIInterfaceOrientationPortrait UIInterfaceOrientationLandscapeLeft UIInterfaceOrientationLandscapeRight";
				LD_RUNPATH_SEARCH_PATHS = (
					"@executable_path/Frameworks",
					"$(inherited)",
				);
				MARKETING_VERSION = 1.0;
				PRODUCT_BUNDLE_IDENTIFIER = com.jeffwhite.Camino;
				PRODUCT_NAME = "$(TARGET_NAME)";
				SUPPORTED_PLATFORMS = "iphoneos iphonesimulator";
				SUPPORTS_MACCATALYST = NO;
				SWIFT_EMIT_LOC_STRINGS = YES;
				SWIFT_VERSION = 5.0;
				TARGETED_DEVICE_FAMILY = "1,2";
			};
			name = Release;
		};
		EE6A22C52DA0B6B30013F9FD /* Debug */ = {
			isa = XCBuildConfiguration;
			buildSettings = {
				BUNDLE_LOADER = "$(TEST_HOST)";
				CODE_SIGN_STYLE = Automatic;
				CURRENT_PROJECT_VERSION = 1;
				DEVELOPMENT_TEAM = D4KW6R627K;
				GENERATE_INFOPLIST_FILE = YES;
				IPHONEOS_DEPLOYMENT_TARGET = 17.0;
				MACOSX_DEPLOYMENT_TARGET = 14.0;
				MARKETING_VERSION = 1.0;
				PRODUCT_BUNDLE_IDENTIFIER = com.jeffwhite.camina.CaminoTests;
				PRODUCT_NAME = "$(TARGET_NAME)";
				SDKROOT = auto;
				SUPPORTED_PLATFORMS = "iphoneos iphonesimulator macosx xros xrsimulator";
				SWIFT_EMIT_LOC_STRINGS = NO;
				SWIFT_VERSION = 5.0;
				TARGETED_DEVICE_FAMILY = "1,2,7";
				TEST_HOST = "$(BUILT_PRODUCTS_DIR)/Camino.app/$(BUNDLE_EXECUTABLE_FOLDER_PATH)/Camino";
				XROS_DEPLOYMENT_TARGET = 1.0;
			};
			name = Debug;
		};
		EE6A22C62DA0B6B30013F9FD /* Release */ = {
			isa = XCBuildConfiguration;
			buildSettings = {
				BUNDLE_LOADER = "$(TEST_HOST)";
				CODE_SIGN_STYLE = Automatic;
				CURRENT_PROJECT_VERSION = 1;
				DEVELOPMENT_TEAM = D4KW6R627K;
				GENERATE_INFOPLIST_FILE = YES;
				IPHONEOS_DEPLOYMENT_TARGET = 17.0;
				MACOSX_DEPLOYMENT_TARGET = 14.0;
				MARKETING_VERSION = 1.0;
				PRODUCT_BUNDLE_IDENTIFIER = com.jeffwhite.camina.CaminoTests;
				PRODUCT_NAME = "$(TARGET_NAME)";
				SDKROOT = auto;
				SUPPORTED_PLATFORMS = "iphoneos iphonesimulator macosx xros xrsimulator";
				SWIFT_EMIT_LOC_STRINGS = NO;
				SWIFT_VERSION = 5.0;
				TARGETED_DEVICE_FAMILY = "1,2,7";
				TEST_HOST = "$(BUILT_PRODUCTS_DIR)/Camino.app/$(BUNDLE_EXECUTABLE_FOLDER_PATH)/Camino";
				XROS_DEPLOYMENT_TARGET = 1.0;
			};
			name = Release;
		};
		EE6A22C82DA0B6B30013F9FD /* Debug */ = {
			isa = XCBuildConfiguration;
			buildSettings = {
				CODE_SIGN_STYLE = Automatic;
				CURRENT_PROJECT_VERSION = 1;
				DEVELOPMENT_TEAM = D4KW6R627K;
				GENERATE_INFOPLIST_FILE = YES;
				IPHONEOS_DEPLOYMENT_TARGET = 17.0;
				MACOSX_DEPLOYMENT_TARGET = 14.0;
				MARKETING_VERSION = 1.0;
				PRODUCT_BUNDLE_IDENTIFIER = com.jeffwhite.camina.CaminoUITests;
				PRODUCT_NAME = "$(TARGET_NAME)";
				SDKROOT = auto;
				SUPPORTED_PLATFORMS = "iphoneos iphonesimulator macosx xros xrsimulator";
				SWIFT_EMIT_LOC_STRINGS = NO;
				SWIFT_VERSION = 5.0;
				TARGETED_DEVICE_FAMILY = "1,2,7";
				TEST_TARGET_NAME = Camino;
				XROS_DEPLOYMENT_TARGET = 1.0;
			};
			name = Debug;
		};
		EE6A22C92DA0B6B30013F9FD /* Release */ = {
			isa = XCBuildConfiguration;
			buildSettings = {
				CODE_SIGN_STYLE = Automatic;
				CURRENT_PROJECT_VERSION = 1;
				DEVELOPMENT_TEAM = D4KW6R627K;
				GENERATE_INFOPLIST_FILE = YES;
				IPHONEOS_DEPLOYMENT_TARGET = 17.0;
				MACOSX_DEPLOYMENT_TARGET = 14.0;
				MARKETING_VERSION = 1.0;
				PRODUCT_BUNDLE_IDENTIFIER = com.jeffwhite.camina.CaminoUITests;
				PRODUCT_NAME = "$(TARGET_NAME)";
				SDKROOT = auto;
				SUPPORTED_PLATFORMS = "iphoneos iphonesimulator macosx xros xrsimulator";
				SWIFT_EMIT_LOC_STRINGS = NO;
				SWIFT_VERSION = 5.0;
				TARGETED_DEVICE_FAMILY = "1,2,7";
				TEST_TARGET_NAME = Camino;
				XROS_DEPLOYMENT_TARGET = 1.0;
			};
			name = Release;
		};
/* End XCBuildConfiguration section */

/* Begin XCConfigurationList section */
		EE6A229A2DA0B6B20013F9FD /* Build configuration list for PBXProject "Camino" */ = {
			isa = XCConfigurationList;
			buildConfigurations = (
				EE6A22BF2DA0B6B30013F9FD /* Debug */,
				EE6A22C02DA0B6B30013F9FD /* Release */,
			);
			defaultConfigurationIsVisible = 0;
			defaultConfigurationName = Debug;
		};
		EE6A22C12DA0B6B30013F9FD /* Build configuration list for PBXNativeTarget "Camino" */ = {
			isa = XCConfigurationList;
			buildConfigurations = (
				EE6A22C22DA0B6B30013F9FD /* Debug */,
				EE6A22C32DA0B6B30013F9FD /* Release */,
			);
			defaultConfigurationIsVisible = 0;
			defaultConfigurationName = Debug;
		};
		EE6A22C42DA0B6B30013F9FD /* Build configuration list for PBXNativeTarget "CaminoTests" */ = {
			isa = XCConfigurationList;
			buildConfigurations = (
				EE6A22C52DA0B6B30013F9FD /* Debug */,
				EE6A22C62DA0B6B30013F9FD /* Release */,
			);
			defaultConfigurationIsVisible = 0;
			defaultConfigurationName = Debug;
		};
		EE6A22C72DA0B6B30013F9FD /* Build configuration list for PBXNativeTarget "CaminoUITests" */ = {
			isa = XCConfigurationList;
			buildConfigurations = (
				EE6A22C82DA0B6B30013F9FD /* Debug */,
				EE6A22C92DA0B6B30013F9FD /* Release */,
			);
			defaultConfigurationIsVisible = 0;
			defaultConfigurationName = Debug;
		};
/* End XCConfigurationList section */

/* Begin XCLocalSwiftPackageReference section */
		EE5CA11B2DA45B95001F9693 /* XCLocalSwiftPackageReference "CaminoModels" */ = {
			isa = XCLocalSwiftPackageReference;
			relativePath = CaminoModels;
		};
/* End XCLocalSwiftPackageReference section */

/* Begin XCSwiftPackageProductDependency section */
		EEC8E28F2DAA0AA000075C94 /* CaminoModels */ = {
			isa = XCSwiftPackageProductDependency;
			package = EE5CA11B2DA45B95001F9693 /* XCLocalSwiftPackageReference "CaminoModels" */;
			productName = CaminoModels;
		};
		EEC8E2912DAA0AAD00075C94 /* CaminoModels */ = {
			isa = XCSwiftPackageProductDependency;
			package = EE5CA11B2DA45B95001F9693 /* XCLocalSwiftPackageReference "CaminoModels" */;
			productName = CaminoModels;
		};
/* End XCSwiftPackageProductDependency section */
	};
	rootObject = EE6A22972DA0B6B20013F9FD /* Project object */;
}
